
Microsoft Visual Studio Solution File, Format Version 11.00
# Visual Studio 2010
Project("{FAE04EC0-301F-11D3-BF4B-00C04F79EFBC}") = "Test", "Test\Test.csproj", "{BD6068CE-34A6-44A7-B6C0-F39BCBFB9F7A}"
EndProject
Global
	GlobalSection(SolutionConfigurationPlatforms) = preSolution
		Debug|Any CPU = Debug|Any CPU
		Release|Any CPU = Release|Any CPU
	EndGlobalSection
	GlobalSection(ProjectConfigurationPlatforms) = postSolution
		{BD6068CE-34A6-44A7-B6C0-F39BCBFB9F7A}.Debug|Any CPU.ActiveCfg = Debug|Any CPU
		{BD6068CE-34A6-44A7-B6C0-F39BCBFB9F7A}.Debug|Any CPU.Build.0 = Debug|Any CPU
		{BD6068CE-34A6-44A7-B6C0-F39BCBFB9F7A}.Release|Any CPU.ActiveCfg = Release|Any CPU
		{BD6068CE-34A6-44A7-B6C0-F39BCBFB9F7A}.Release|Any CPU.Build.0 = Release|Any CPU
	EndGlobalSection
	GlobalSection(SolutionProperties) = preSolution
		HideSolutionNode = FALSE
	EndGlobalSection
EndGlobal
